
Microsoft Visual Studio Solution File, Format Version 12.00
# Visual Studio Version 17
VisualStudioVersion = 17.11.35312.102
MinimumVisualStudioVersion = 10.0.40219.1
Project("{FAE04EC0-301F-11D3-BF4B-00C04F79EFBC}") = "PIVisionGener400GrapheIP21", "PIVisionGener400GrapheIP21.csproj", "{0DFA016A-8E21-4B85-8BB9-515CD73A82A3}"
EndProject
Global
	GlobalSection(SolutionConfigurationPlatforms) = preSolution
		Debug|Any CPU = Debug|Any CPU
		Release|Any CPU = Release|Any CPU
	EndGlobalSection
	GlobalSection(ProjectConfigurationPlatforms) = postSolution
		{0DFA016A-8E21-4B85-8BB9-515CD73A82A3}.Debug|Any CPU.ActiveCfg = Debug|Any CPU
		{0DFA016A-8E21-4B85-8BB9-515CD73A82A3}.Debug|Any CPU.Build.0 = Debug|Any CPU
		{0DFA016A-8E21-4B85-8BB9-515CD73A82A3}.Release|Any CPU.ActiveCfg = Release|Any CPU
		{0DFA016A-8E21-4B85-8BB9-515CD73A82A3}.Release|Any CPU.Build.0 = Release|Any CPU
	EndGlobalSection
	GlobalSection(SolutionProperties) = preSolution
		HideSolutionNode = FALSE
	EndGlobalSection
	GlobalSection(ExtensibilityGlobals) = postSolution
		SolutionGuid = {263F94E2-A0D9-4EA7-9524-A738928A2E95}
	EndGlobalSection
EndGlobal
